
Microsoft Visual Studio Solution File, Format Version 12.00
# Visual Studio Version 16
VisualStudioVersion = 16.0.31105.61
MinimumVisualStudioVersion = 10.0.40219.1
Project("{FAE04EC0-301F-11D3-BF4B-00C04F79EFBC}") = "UAICampo.UI", "UAICampo\UAICampo.UI.csproj", "{8E70CE47-95B0-4BD2-BDD1-1691B8D5F2EE}"
EndProject
Global
	GlobalSection(SolutionConfigurationPlatforms) = preSolution
		Debug|Any CPU = Debug|Any CPU
		Release|Any CPU = Release|Any CPU
	EndGlobalSection
	GlobalSection(ProjectConfigurationPlatforms) = postSolution
		{8E70CE47-95B0-4BD2-BDD1-1691B8D5F2EE}.Debug|Any CPU.ActiveCfg = Debug|Any CPU
		{8E70CE47-95B0-4BD2-BDD1-1691B8D5F2EE}.Debug|Any CPU.Build.0 = Debug|Any CPU
		{8E70CE47-95B0-4BD2-BDD1-1691B8D5F2EE}.Release|Any CPU.ActiveCfg = Release|Any CPU
		{8E70CE47-95B0-4BD2-BDD1-1691B8D5F2EE}.Release|Any CPU.Build.0 = Release|Any CPU
	EndGlobalSection
	GlobalSection(SolutionProperties) = preSolution
		HideSolutionNode = FALSE
	EndGlobalSection
	GlobalSection(ExtensibilityGlobals) = postSolution
		SolutionGuid = {2F2B792B-2162-45BD-8D0F-03BB0A703D03}
	EndGlobalSection
EndGlobal
